
Microsoft Visual Studio Solution File, Format Version 12.00
# Visual Studio Version 17
VisualStudioVersion = 17.2.32630.192
MinimumVisualStudioVersion = 10.0.40219.1
Project("{9A19103F-16F7-4668-BE54-9A1E7A4F7556}") = "AnalysisDelivery", "AnalysisDelivery.csproj", "{952CA209-DEFB-4F47-B6A4-B73A6D9167CA}"
EndProject
Project("{FAE04EC0-301F-11D3-BF4B-00C04F79EFBC}") = "AnalysisTests", "..\_tests_\AnalysisTests\AnalysisTests.csproj", "{ACE54B17-15AE-4BE5-BB33-EE95BE630C66}"
EndProject
Global
	GlobalSection(SolutionConfigurationPlatforms) = preSolution
		Debug|Any CPU = Debug|Any CPU
		Release|Any CPU = Release|Any CPU
	EndGlobalSection
	GlobalSection(ProjectConfigurationPlatforms) = postSolution
		{952CA209-DEFB-4F47-B6A4-B73A6D9167CA}.Debug|Any CPU.ActiveCfg = Debug|Any CPU
		{952CA209-DEFB-4F47-B6A4-B73A6D9167CA}.Debug|Any CPU.Build.0 = Debug|Any CPU
		{952CA209-DEFB-4F47-B6A4-B73A6D9167CA}.Release|Any CPU.ActiveCfg = Release|Any CPU
		{952CA209-DEFB-4F47-B6A4-B73A6D9167CA}.Release|Any CPU.Build.0 = Release|Any CPU
		{ACE54B17-15AE-4BE5-BB33-EE95BE630C66}.Debug|Any CPU.ActiveCfg = Debug|Any CPU
		{ACE54B17-15AE-4BE5-BB33-EE95BE630C66}.Debug|Any CPU.Build.0 = Debug|Any CPU
		{ACE54B17-15AE-4BE5-BB33-EE95BE630C66}.Release|Any CPU.ActiveCfg = Release|Any CPU
		{ACE54B17-15AE-4BE5-BB33-EE95BE630C66}.Release|Any CPU.Build.0 = Release|Any CPU
	EndGlobalSection
	GlobalSection(SolutionProperties) = preSolution
		HideSolutionNode = FALSE
	EndGlobalSection
	GlobalSection(ExtensibilityGlobals) = postSolution
		SolutionGuid = {03234C0B-D898-49E2-8551-22F1AF37403B}
	EndGlobalSection
EndGlobal
