
Microsoft Visual Studio Solution File, Format Version 12.00
# Visual Studio Version 17
VisualStudioVersion = 17.2.32630.192
MinimumVisualStudioVersion = 10.0.40219.1
Project("{9A19103F-16F7-4668-BE54-9A1E7A4F7556}") = "AnalysisConsumer", "AnalysisConsumer.csproj", "{FA0CA9A3-CE0C-44E4-AF3A-F9014BE71525}"
EndProject
Project("{FAE04EC0-301F-11D3-BF4B-00C04F79EFBC}") = "ConsumerTests", "..\_tests_\ConsumerTests\ConsumerTests.csproj", "{F8EFFAC9-B017-42B2-B0BF-12039212F729}"
EndProject
Global
	GlobalSection(SolutionConfigurationPlatforms) = preSolution
		Debug|Any CPU = Debug|Any CPU
		Release|Any CPU = Release|Any CPU
	EndGlobalSection
	GlobalSection(ProjectConfigurationPlatforms) = postSolution
		{FA0CA9A3-CE0C-44E4-AF3A-F9014BE71525}.Debug|Any CPU.ActiveCfg = Debug|Any CPU
		{FA0CA9A3-CE0C-44E4-AF3A-F9014BE71525}.Debug|Any CPU.Build.0 = Debug|Any CPU
		{FA0CA9A3-CE0C-44E4-AF3A-F9014BE71525}.Release|Any CPU.ActiveCfg = Release|Any CPU
		{FA0CA9A3-CE0C-44E4-AF3A-F9014BE71525}.Release|Any CPU.Build.0 = Release|Any CPU
		{F8EFFAC9-B017-42B2-B0BF-12039212F729}.Debug|Any CPU.ActiveCfg = Debug|Any CPU
		{F8EFFAC9-B017-42B2-B0BF-12039212F729}.Debug|Any CPU.Build.0 = Debug|Any CPU
		{F8EFFAC9-B017-42B2-B0BF-12039212F729}.Release|Any CPU.ActiveCfg = Release|Any CPU
		{F8EFFAC9-B017-42B2-B0BF-12039212F729}.Release|Any CPU.Build.0 = Release|Any CPU
	EndGlobalSection
	GlobalSection(SolutionProperties) = preSolution
		HideSolutionNode = FALSE
	EndGlobalSection
	GlobalSection(ExtensibilityGlobals) = postSolution
		SolutionGuid = {B49946A8-7E28-4D7D-AAB3-5372E5BD2F97}
	EndGlobalSection
EndGlobal
